
Microsoft Visual Studio Solution File, Format Version 12.00
# Visual Studio Version 17
VisualStudioVersion = 17.3.32825.248
MinimumVisualStudioVersion = 10.0.40219.1
Project("{FAE04EC0-301F-11D3-BF4B-00C04F79EFBC}") = "NorthDB", "NorthDB\NorthDB.csproj", "{B3F3E114-7875-42FF-A8C8-FFA2A522DF5D}"
EndProject
Global
	GlobalSection(SolutionConfigurationPlatforms) = preSolution
		Debug|Any CPU = Debug|Any CPU
		Release|Any CPU = Release|Any CPU
	EndGlobalSection
	GlobalSection(ProjectConfigurationPlatforms) = postSolution
		{B3F3E114-7875-42FF-A8C8-FFA2A522DF5D}.Debug|Any CPU.ActiveCfg = Debug|Any CPU
		{B3F3E114-7875-42FF-A8C8-FFA2A522DF5D}.Debug|Any CPU.Build.0 = Debug|Any CPU
		{B3F3E114-7875-42FF-A8C8-FFA2A522DF5D}.Release|Any CPU.ActiveCfg = Release|Any CPU
		{B3F3E114-7875-42FF-A8C8-FFA2A522DF5D}.Release|Any CPU.Build.0 = Release|Any CPU
	EndGlobalSection
	GlobalSection(SolutionProperties) = preSolution
		HideSolutionNode = FALSE
	EndGlobalSection
	GlobalSection(ExtensibilityGlobals) = postSolution
		SolutionGuid = {26FBCB75-A7E8-4C73-88F4-53916E04D757}
	EndGlobalSection
EndGlobal
